
Microsoft Visual Studio Solution File, Format Version 12.00
# Visual Studio Version 17
VisualStudioVersion = 17.14.36518.9
MinimumVisualStudioVersion = 10.0.40219.1
Project("{8BC9CEB8-8B4A-11D0-8D11-00A0C91BC942}") = "01_Intro", "01_Intro\01_Intro.vcxproj", "{D2AC14DB-5FDD-416C-A040-7688B1E7C49A}"
EndProject
Project("{8BC9CEB8-8B4A-11D0-8D11-00A0C91BC942}") = "02_DataTypes", "02_DataTypes\02_DataTypes.vcxproj", "{7CE8E572-D030-4305-95FF-E724A07A230A}"
EndProject
Project("{8BC9CEB8-8B4A-11D0-8D11-00A0C91BC942}") = "03_LogicOperators", "03_LogicOperators\03_LogicOperators.vcxproj", "{2B500670-291C-49AB-BE00-47292FCF5673}"
EndProject
Project("{8BC9CEB8-8B4A-11D0-8D11-00A0C91BC942}") = "04_Enum", "04_Enum\04_Enum.vcxproj", "{9EBE0305-C9A1-46B8-8A34-E7BACE0F1BA5}"
EndProject
Project("{8BC9CEB8-8B4A-11D0-8D11-00A0C91BC942}") = "05_WhileFor", "05_WhileFor\05_WhileFor.vcxproj", "{99FB8D4F-87C0-4899-B3AF-CABEDC237727}"
EndProject
Project("{8BC9CEB8-8B4A-11D0-8D11-00A0C91BC942}") = "06_IncludeCycles", "06_IncludeCycles\06_IncludeCycles.vcxproj", "{57FD133E-197B-467C-9F69-C1BDB34BB617}"
EndProject
Project("{8BC9CEB8-8B4A-11D0-8D11-00A0C91BC942}") = "07_Arrays", "07_Arrays\07_Arrays.vcxproj", "{8E78C2DA-D94C-44FA-8CD8-B41F9F899C83}"
EndProject
Project("{8BC9CEB8-8B4A-11D0-8D11-00A0C91BC942}") = "08_TwoDementionArray", "08_TwoDementionArray\08_TwoDementionArray.vcxproj", "{407A542A-5835-4F6E-8E79-E3BFDCE1DAFC}"
EndProject
Project("{8BC9CEB8-8B4A-11D0-8D11-00A0C91BC942}") = "09_Functions", "09_Functions\09_Functions.vcxproj", "{5F416658-DA51-4AA3-B53D-D59C4ECF0753}"
EndProject
Project("{8BC9CEB8-8B4A-11D0-8D11-00A0C91BC942}") = "10_FunctionsWithParams", "10_FunctionsWithParams\10_FunctionsWithParams.vcxproj", "{304D0E52-F6A5-404A-A854-4EBA7FC81B68}"
EndProject
Project("{8BC9CEB8-8B4A-11D0-8D11-00A0C91BC942}") = "11_OverloadFunction", "11_OverloadFunction\11_OverloadFunction.vcxproj", "{3C3B89B1-C652-4332-BED3-5C7BBCBD5D47}"
EndProject
Project("{8BC9CEB8-8B4A-11D0-8D11-00A0C91BC942}") = "12_Recursion", "12_Recursion\12_Recursion.vcxproj", "{CCB2B798-D61A-48CB-AAD7-0BCA067D0C13}"
EndProject
Project("{8BC9CEB8-8B4A-11D0-8D11-00A0C91BC942}") = "13_Search_Sort", "13_Search_Sort\13_Search_Sort.vcxproj", "{83C9263B-7ECE-4CDC-996F-E201552E4737}"
EndProject
Project("{8BC9CEB8-8B4A-11D0-8D11-00A0C91BC942}") = "14_Pointers", "14_Pointers\14_Pointers.vcxproj", "{8A41604F-A31E-4CEE-9E00-BEACCB0B2944}"
EndProject
Project("{8BC9CEB8-8B4A-11D0-8D11-00A0C91BC942}") = "15_Links", "15_Links\15_Links.vcxproj", "{77E931FE-739E-4060-B85C-EF55DA8BAB69}"
EndProject
Project("{8BC9CEB8-8B4A-11D0-8D11-00A0C91BC942}") = "16_SetPos_SetColor", "16_SetPos_SetColor\16_SetPos_SetColor.vcxproj", "{ED0A8AEE-B5B4-4956-9CF2-00ADE3BD1542}"
EndProject
Project("{8BC9CEB8-8B4A-11D0-8D11-00A0C91BC942}") = "17_C_StyleRows", "17_C_StyleRows\17_C_StyleRows.vcxproj", "{2EA59072-8418-444C-8A69-F1A8ED08AD70}"
EndProject
Project("{8BC9CEB8-8B4A-11D0-8D11-00A0C91BC942}") = "18_DynamicMemory", "18_DynamicMemory\18_DynamicMemory.vcxproj", "{323B4B6A-801C-48DA-A739-D86C9A2BA34B}"
EndProject
Project("{8BC9CEB8-8B4A-11D0-8D11-00A0C91BC942}") = "19_TwoDementionArrayDynamic", "19_TwoDementionArrayDynamic\19_TwoDementionArrayDynamic.vcxproj", "{FC7D0CEC-52E5-4271-831C-9B6ED3CC2331}"
EndProject
Project("{8BC9CEB8-8B4A-11D0-8D11-00A0C91BC942}") = "20_Strcut", "20_Strcut\20_Strcut.vcxproj", "{32AE0795-1DE8-4B7F-8D77-B6164468266D}"
EndProject
Project("{8BC9CEB8-8B4A-11D0-8D11-00A0C91BC942}") = "21_WorkWithFile", "21_WorkWithFile\21_WorkWithFile.vcxproj", "{54C9FA16-F2FD-487F-9A85-9ED2246910E1}"
EndProject
Project("{8BC9CEB8-8B4A-11D0-8D11-00A0C91BC942}") = "22_Store", "22_Store\22_Store.vcxproj", "{1421B48D-0174-4299-81B7-781F968BFC3A}"
EndProject
Project("{8BC9CEB8-8B4A-11D0-8D11-00A0C91BC942}") = "23_SaveStructToFile", "23_SaveStructToFile\23_SaveStructToFile.vcxproj", "{5B2EC4BF-A013-472F-ACB1-B66D61B8F315}"
EndProject
Project("{8BC9CEB8-8B4A-11D0-8D11-00A0C91BC942}") = "24_IntroToOOP", "24_IntroToOOP\24_IntroToOOP.vcxproj", "{7E735D9A-4A8A-48EE-8D16-D8B2487FC87F}"
EndProject
Project("{8BC9CEB8-8B4A-11D0-8D11-00A0C91BC942}") = "25_Constructors_Destrutor", "25_Constructors_Destrutor\25_Constructors_Destrutor.vcxproj", "{F995E12F-8C53-4EB9-8835-6A5F2C43EDCB}"
EndProject
Project("{8BC9CEB8-8B4A-11D0-8D11-00A0C91BC942}") = "26_CopyConstructor", "26_CopyConstructor\26_CopyConstructor.vcxproj", "{A901C443-A2D1-43D1-9539-A6437F9A6703}"
EndProject
Project("{8BC9CEB8-8B4A-11D0-8D11-00A0C91BC942}") = "27_InlineDelegateStatic", "27_InlineDelegateStatic\27_InlineDelegateStatic.vcxproj", "{5821B9F0-CEF2-4494-BC73-7733F9836004}"
EndProject
Project("{8BC9CEB8-8B4A-11D0-8D11-00A0C91BC942}") = "28_Const_Explicit", "28_Const_Explicit\28_Const_Explicit.vcxproj", "{B431F1B6-1E7C-44F9-AACA-62DE7634C9C5}"
EndProject
Project("{8BC9CEB8-8B4A-11D0-8D11-00A0C91BC942}") = "29_OverloadOperators", "29_OverloadOperators\29_OverloadOperators.vcxproj", "{AAC601D5-A7EE-4FF8-8D89-24D967E08E78}"
EndProject
Project("{8BC9CEB8-8B4A-11D0-8D11-00A0C91BC942}") = "30_OverloadDataTypes", "30_OverloadDataTypes\30_OverloadDataTypes.vcxproj", "{D81122E6-B9D9-4014-A815-9EB798E55DD2}"
EndProject
Project("{8BC9CEB8-8B4A-11D0-8D11-00A0C91BC942}") = "31_TemplateClass", "31_TemplateClass\31_TemplateClass.vcxproj", "{A653CFA8-7164-4457-B4AC-53B0F5B65EF4}"
EndProject
Project("{8BC9CEB8-8B4A-11D0-8D11-00A0C91BC942}") = "32_InitialzerList", "32_InitialzerList\32_InitialzerList.vcxproj", "{7197E602-2DFF-40A6-8DC1-476767DBDE0B}"
EndProject
Global
	GlobalSection(SolutionConfigurationPlatforms) = preSolution
		Debug|x64 = Debug|x64
		Debug|x86 = Debug|x86
		Release|x64 = Release|x64
		Release|x86 = Release|x86
	EndGlobalSection
	GlobalSection(ProjectConfigurationPlatforms) = postSolution
		{D2AC14DB-5FDD-416C-A040-7688B1E7C49A}.Debug|x64.ActiveCfg = Debug|x64
		{D2AC14DB-5FDD-416C-A040-7688B1E7C49A}.Debug|x64.Build.0 = Debug|x64
		{D2AC14DB-5FDD-416C-A040-7688B1E7C49A}.Debug|x86.ActiveCfg = Debug|Win32
		{D2AC14DB-5FDD-416C-A040-7688B1E7C49A}.Debug|x86.Build.0 = Debug|Win32
		{D2AC14DB-5FDD-416C-A040-7688B1E7C49A}.Release|x64.ActiveCfg = Release|x64
		{D2AC14DB-5FDD-416C-A040-7688B1E7C49A}.Release|x64.Build.0 = Release|x64
		{D2AC14DB-5FDD-416C-A040-7688B1E7C49A}.Release|x86.ActiveCfg = Release|Win32
		{D2AC14DB-5FDD-416C-A040-7688B1E7C49A}.Release|x86.Build.0 = Release|Win32
		{7CE8E572-D030-4305-95FF-E724A07A230A}.Debug|x64.ActiveCfg = Debug|x64
		{7CE8E572-D030-4305-95FF-E724A07A230A}.Debug|x64.Build.0 = Debug|x64
		{7CE8E572-D030-4305-95FF-E724A07A230A}.Debug|x86.ActiveCfg = Debug|Win32
		{7CE8E572-D030-4305-95FF-E724A07A230A}.Debug|x86.Build.0 = Debug|Win32
		{7CE8E572-D030-4305-95FF-E724A07A230A}.Release|x64.ActiveCfg = Release|x64
		{7CE8E572-D030-4305-95FF-E724A07A230A}.Release|x64.Build.0 = Release|x64
		{7CE8E572-D030-4305-95FF-E724A07A230A}.Release|x86.ActiveCfg = Release|Win32
		{7CE8E572-D030-4305-95FF-E724A07A230A}.Release|x86.Build.0 = Release|Win32
		{2B500670-291C-49AB-BE00-47292FCF5673}.Debug|x64.ActiveCfg = Debug|x64
		{2B500670-291C-49AB-BE00-47292FCF5673}.Debug|x64.Build.0 = Debug|x64
		{2B500670-291C-49AB-BE00-47292FCF5673}.Debug|x86.ActiveCfg = Debug|Win32
		{2B500670-291C-49AB-BE00-47292FCF5673}.Debug|x86.Build.0 = Debug|Win32
		{2B500670-291C-49AB-BE00-47292FCF5673}.Release|x64.ActiveCfg = Release|x64
		{2B500670-291C-49AB-BE00-47292FCF5673}.Release|x64.Build.0 = Release|x64
		{2B500670-291C-49AB-BE00-47292FCF5673}.Release|x86.ActiveCfg = Release|Win32
		{2B500670-291C-49AB-BE00-47292FCF5673}.Release|x86.Build.0 = Release|Win32
		{9EBE0305-C9A1-46B8-8A34-E7BACE0F1BA5}.Debug|x64.ActiveCfg = Debug|x64
		{9EBE0305-C9A1-46B8-8A34-E7BACE0F1BA5}.Debug|x64.Build.0 = Debug|x64
		{9EBE0305-C9A1-46B8-8A34-E7BACE0F1BA5}.Debug|x86.ActiveCfg = Debug|Win32
		{9EBE0305-C9A1-46B8-8A34-E7BACE0F1BA5}.Debug|x86.Build.0 = Debug|Win32
		{9EBE0305-C9A1-46B8-8A34-E7BACE0F1BA5}.Release|x64.ActiveCfg = Release|x64
		{9EBE0305-C9A1-46B8-8A34-E7BACE0F1BA5}.Release|x64.Build.0 = Release|x64
		{9EBE0305-C9A1-46B8-8A34-E7BACE0F1BA5}.Release|x86.ActiveCfg = Release|Win32
		{9EBE0305-C9A1-46B8-8A34-E7BACE0F1BA5}.Release|x86.Build.0 = Release|Win32
		{99FB8D4F-87C0-4899-B3AF-CABEDC237727}.Debug|x64.ActiveCfg = Debug|x64
		{99FB8D4F-87C0-4899-B3AF-CABEDC237727}.Debug|x64.Build.0 = Debug|x64
		{99FB8D4F-87C0-4899-B3AF-CABEDC237727}.Debug|x86.ActiveCfg = Debug|Win32
		{99FB8D4F-87C0-4899-B3AF-CABEDC237727}.Debug|x86.Build.0 = Debug|Win32
		{99FB8D4F-87C0-4899-B3AF-CABEDC237727}.Release|x64.ActiveCfg = Release|x64
		{99FB8D4F-87C0-4899-B3AF-CABEDC237727}.Release|x64.Build.0 = Release|x64
		{99FB8D4F-87C0-4899-B3AF-CABEDC237727}.Release|x86.ActiveCfg = Release|Win32
		{99FB8D4F-87C0-4899-B3AF-CABEDC237727}.Release|x86.Build.0 = Release|Win32
		{57FD133E-197B-467C-9F69-C1BDB34BB617}.Debug|x64.ActiveCfg = Debug|x64
		{57FD133E-197B-467C-9F69-C1BDB34BB617}.Debug|x64.Build.0 = Debug|x64
		{57FD133E-197B-467C-9F69-C1BDB34BB617}.Debug|x86.ActiveCfg = Debug|Win32
		{57FD133E-197B-467C-9F69-C1BDB34BB617}.Debug|x86.Build.0 = Debug|Win32
		{57FD133E-197B-467C-9F69-C1BDB34BB617}.Release|x64.ActiveCfg = Release|x64
		{57FD133E-197B-467C-9F69-C1BDB34BB617}.Release|x64.Build.0 = Release|x64
		{57FD133E-197B-467C-9F69-C1BDB34BB617}.Release|x86.ActiveCfg = Release|Win32
		{57FD133E-197B-467C-9F69-C1BDB34BB617}.Release|x86.Build.0 = Release|Win32
		{8E78C2DA-D94C-44FA-8CD8-B41F9F899C83}.Debug|x64.ActiveCfg = Debug|x64
		{8E78C2DA-D94C-44FA-8CD8-B41F9F899C83}.Debug|x64.Build.0 = Debug|x64
		{8E78C2DA-D94C-44FA-8CD8-B41F9F899C83}.Debug|x86.ActiveCfg = Debug|Win32
		{8E78C2DA-D94C-44FA-8CD8-B41F9F899C83}.Debug|x86.Build.0 = Debug|Win32
		{8E78C2DA-D94C-44FA-8CD8-B41F9F899C83}.Release|x64.ActiveCfg = Release|x64
		{8E78C2DA-D94C-44FA-8CD8-B41F9F899C83}.Release|x64.Build.0 = Release|x64
		{8E78C2DA-D94C-44FA-8CD8-B41F9F899C83}.Release|x86.ActiveCfg = Release|Win32
		{8E78C2DA-D94C-44FA-8CD8-B41F9F899C83}.Release|x86.Build.0 = Release|Win32
		{407A542A-5835-4F6E-8E79-E3BFDCE1DAFC}.Debug|x64.ActiveCfg = Debug|x64
		{407A542A-5835-4F6E-8E79-E3BFDCE1DAFC}.Debug|x64.Build.0 = Debug|x64
		{407A542A-5835-4F6E-8E79-E3BFDCE1DAFC}.Debug|x86.ActiveCfg = Debug|Win32
		{407A542A-5835-4F6E-8E79-E3BFDCE1DAFC}.Debug|x86.Build.0 = Debug|Win32
		{407A542A-5835-4F6E-8E79-E3BFDCE1DAFC}.Release|x64.ActiveCfg = Release|x64
		{407A542A-5835-4F6E-8E79-E3BFDCE1DAFC}.Release|x64.Build.0 = Release|x64
		{407A542A-5835-4F6E-8E79-E3BFDCE1DAFC}.Release|x86.ActiveCfg = Release|Win32
		{407A542A-5835-4F6E-8E79-E3BFDCE1DAFC}.Release|x86.Build.0 = Release|Win32
		{5F416658-DA51-4AA3-B53D-D59C4ECF0753}.Debug|x64.ActiveCfg = Debug|x64
		{5F416658-DA51-4AA3-B53D-D59C4ECF0753}.Debug|x64.Build.0 = Debug|x64
		{5F416658-DA51-4AA3-B53D-D59C4ECF0753}.Debug|x86.ActiveCfg = Debug|Win32
		{5F416658-DA51-4AA3-B53D-D59C4ECF0753}.Debug|x86.Build.0 = Debug|Win32
		{5F416658-DA51-4AA3-B53D-D59C4ECF0753}.Release|x64.ActiveCfg = Release|x64
		{5F416658-DA51-4AA3-B53D-D59C4ECF0753}.Release|x64.Build.0 = Release|x64
		{5F416658-DA51-4AA3-B53D-D59C4ECF0753}.Release|x86.ActiveCfg = Release|Win32
		{5F416658-DA51-4AA3-B53D-D59C4ECF0753}.Release|x86.Build.0 = Release|Win32
		{304D0E52-F6A5-404A-A854-4EBA7FC81B68}.Debug|x64.ActiveCfg = Debug|x64
		{304D0E52-F6A5-404A-A854-4EBA7FC81B68}.Debug|x64.Build.0 = Debug|x64
		{304D0E52-F6A5-404A-A854-4EBA7FC81B68}.Debug|x86.ActiveCfg = Debug|Win32
		{304D0E52-F6A5-404A-A854-4EBA7FC81B68}.Debug|x86.Build.0 = Debug|Win32
		{304D0E52-F6A5-404A-A854-4EBA7FC81B68}.Release|x64.ActiveCfg = Release|x64
		{304D0E52-F6A5-404A-A854-4EBA7FC81B68}.Release|x64.Build.0 = Release|x64
		{304D0E52-F6A5-404A-A854-4EBA7FC81B68}.Release|x86.ActiveCfg = Release|Win32
		{304D0E52-F6A5-404A-A854-4EBA7FC81B68}.Release|x86.Build.0 = Release|Win32
		{3C3B89B1-C652-4332-BED3-5C7BBCBD5D47}.Debug|x64.ActiveCfg = Debug|x64
		{3C3B89B1-C652-4332-BED3-5C7BBCBD5D47}.Debug|x64.Build.0 = Debug|x64
		{3C3B89B1-C652-4332-BED3-5C7BBCBD5D47}.Debug|x86.ActiveCfg = Debug|Win32
		{3C3B89B1-C652-4332-BED3-5C7BBCBD5D47}.Debug|x86.Build.0 = Debug|Win32
		{3C3B89B1-C652-4332-BED3-5C7BBCBD5D47}.Release|x64.ActiveCfg = Release|x64
		{3C3B89B1-C652-4332-BED3-5C7BBCBD5D47}.Release|x64.Build.0 = Release|x64
		{3C3B89B1-C652-4332-BED3-5C7BBCBD5D47}.Release|x86.ActiveCfg = Release|Win32
		{3C3B89B1-C652-4332-BED3-5C7BBCBD5D47}.Release|x86.Build.0 = Release|Win32
		{CCB2B798-D61A-48CB-AAD7-0BCA067D0C13}.Debug|x64.ActiveCfg = Debug|x64
		{CCB2B798-D61A-48CB-AAD7-0BCA067D0C13}.Debug|x64.Build.0 = Debug|x64
		{CCB2B798-D61A-48CB-AAD7-0BCA067D0C13}.Debug|x86.ActiveCfg = Debug|Win32
		{CCB2B798-D61A-48CB-AAD7-0BCA067D0C13}.Debug|x86.Build.0 = Debug|Win32
		{CCB2B798-D61A-48CB-AAD7-0BCA067D0C13}.Release|x64.ActiveCfg = Release|x64
		{CCB2B798-D61A-48CB-AAD7-0BCA067D0C13}.Release|x64.Build.0 = Release|x64
		{CCB2B798-D61A-48CB-AAD7-0BCA067D0C13}.Release|x86.ActiveCfg = Release|Win32
		{CCB2B798-D61A-48CB-AAD7-0BCA067D0C13}.Release|x86.Build.0 = Release|Win32
		{83C9263B-7ECE-4CDC-996F-E201552E4737}.Debug|x64.ActiveCfg = Debug|x64
		{83C9263B-7ECE-4CDC-996F-E201552E4737}.Debug|x64.Build.0 = Debug|x64
		{83C9263B-7ECE-4CDC-996F-E201552E4737}.Debug|x86.ActiveCfg = Debug|Win32
		{83C9263B-7ECE-4CDC-996F-E201552E4737}.Debug|x86.Build.0 = Debug|Win32
		{83C9263B-7ECE-4CDC-996F-E201552E4737}.Release|x64.ActiveCfg = Release|x64
		{83C9263B-7ECE-4CDC-996F-E201552E4737}.Release|x64.Build.0 = Release|x64
		{83C9263B-7ECE-4CDC-996F-E201552E4737}.Release|x86.ActiveCfg = Release|Win32
		{83C9263B-7ECE-4CDC-996F-E201552E4737}.Release|x86.Build.0 = Release|Win32
		{8A41604F-A31E-4CEE-9E00-BEACCB0B2944}.Debug|x64.ActiveCfg = Debug|x64
		{8A41604F-A31E-4CEE-9E00-BEACCB0B2944}.Debug|x64.Build.0 = Debug|x64
		{8A41604F-A31E-4CEE-9E00-BEACCB0B2944}.Debug|x86.ActiveCfg = Debug|Win32
		{8A41604F-A31E-4CEE-9E00-BEACCB0B2944}.Debug|x86.Build.0 = Debug|Win32
		{8A41604F-A31E-4CEE-9E00-BEACCB0B2944}.Release|x64.ActiveCfg = Release|x64
		{8A41604F-A31E-4CEE-9E00-BEACCB0B2944}.Release|x64.Build.0 = Release|x64
		{8A41604F-A31E-4CEE-9E00-BEACCB0B2944}.Release|x86.ActiveCfg = Release|Win32
		{8A41604F-A31E-4CEE-9E00-BEACCB0B2944}.Release|x86.Build.0 = Release|Win32
		{77E931FE-739E-4060-B85C-EF55DA8BAB69}.Debug|x64.ActiveCfg = Debug|x64
		{77E931FE-739E-4060-B85C-EF55DA8BAB69}.Debug|x64.Build.0 = Debug|x64
		{77E931FE-739E-4060-B85C-EF55DA8BAB69}.Debug|x86.ActiveCfg = Debug|Win32
		{77E931FE-739E-4060-B85C-EF55DA8BAB69}.Debug|x86.Build.0 = Debug|Win32
		{77E931FE-739E-4060-B85C-EF55DA8BAB69}.Release|x64.ActiveCfg = Release|x64
		{77E931FE-739E-4060-B85C-EF55DA8BAB69}.Release|x64.Build.0 = Release|x64
		{77E931FE-739E-4060-B85C-EF55DA8BAB69}.Release|x86.ActiveCfg = Release|Win32
		{77E931FE-739E-4060-B85C-EF55DA8BAB69}.Release|x86.Build.0 = Release|Win32
		{ED0A8AEE-B5B4-4956-9CF2-00ADE3BD1542}.Debug|x64.ActiveCfg = Debug|x64
		{ED0A8AEE-B5B4-4956-9CF2-00ADE3BD1542}.Debug|x64.Build.0 = Debug|x64
		{ED0A8AEE-B5B4-4956-9CF2-00ADE3BD1542}.Debug|x86.ActiveCfg = Debug|Win32
		{ED0A8AEE-B5B4-4956-9CF2-00ADE3BD1542}.Debug|x86.Build.0 = Debug|Win32
		{ED0A8AEE-B5B4-4956-9CF2-00ADE3BD1542}.Release|x64.ActiveCfg = Release|x64
		{ED0A8AEE-B5B4-4956-9CF2-00ADE3BD1542}.Release|x64.Build.0 = Release|x64
		{ED0A8AEE-B5B4-4956-9CF2-00ADE3BD1542}.Release|x86.ActiveCfg = Release|Win32
		{ED0A8AEE-B5B4-4956-9CF2-00ADE3BD1542}.Release|x86.Build.0 = Release|Win32
		{2EA59072-8418-444C-8A69-F1A8ED08AD70}.Debug|x64.ActiveCfg = Debug|x64
		{2EA59072-8418-444C-8A69-F1A8ED08AD70}.Debug|x64.Build.0 = Debug|x64
		{2EA59072-8418-444C-8A69-F1A8ED08AD70}.Debug|x86.ActiveCfg = Debug|Win32
		{2EA59072-8418-444C-8A69-F1A8ED08AD70}.Debug|x86.Build.0 = Debug|Win32
		{2EA59072-8418-444C-8A69-F1A8ED08AD70}.Release|x64.ActiveCfg = Release|x64
		{2EA59072-8418-444C-8A69-F1A8ED08AD70}.Release|x64.Build.0 = Release|x64
		{2EA59072-8418-444C-8A69-F1A8ED08AD70}.Release|x86.ActiveCfg = Release|Win32
		{2EA59072-8418-444C-8A69-F1A8ED08AD70}.Release|x86.Build.0 = Release|Win32
		{323B4B6A-801C-48DA-A739-D86C9A2BA34B}.Debug|x64.ActiveCfg = Debug|x64
		{323B4B6A-801C-48DA-A739-D86C9A2BA34B}.Debug|x64.Build.0 = Debug|x64
		{323B4B6A-801C-48DA-A739-D86C9A2BA34B}.Debug|x86.ActiveCfg = Debug|Win32
		{323B4B6A-801C-48DA-A739-D86C9A2BA34B}.Debug|x86.Build.0 = Debug|Win32
		{323B4B6A-801C-48DA-A739-D86C9A2BA34B}.Release|x64.ActiveCfg = Release|x64
		{323B4B6A-801C-48DA-A739-D86C9A2BA34B}.Release|x64.Build.0 = Release|x64
		{323B4B6A-801C-48DA-A739-D86C9A2BA34B}.Release|x86.ActiveCfg = Release|Win32
		{323B4B6A-801C-48DA-A739-D86C9A2BA34B}.Release|x86.Build.0 = Release|Win32
		{FC7D0CEC-52E5-4271-831C-9B6ED3CC2331}.Debug|x64.ActiveCfg = Debug|x64
		{FC7D0CEC-52E5-4271-831C-9B6ED3CC2331}.Debug|x64.Build.0 = Debug|x64
		{FC7D0CEC-52E5-4271-831C-9B6ED3CC2331}.Debug|x86.ActiveCfg = Debug|Win32
		{FC7D0CEC-52E5-4271-831C-9B6ED3CC2331}.Debug|x86.Build.0 = Debug|Win32
		{FC7D0CEC-52E5-4271-831C-9B6ED3CC2331}.Release|x64.ActiveCfg = Release|x64
		{FC7D0CEC-52E5-4271-831C-9B6ED3CC2331}.Release|x64.Build.0 = Release|x64
		{FC7D0CEC-52E5-4271-831C-9B6ED3CC2331}.Release|x86.ActiveCfg = Release|Win32
		{FC7D0CEC-52E5-4271-831C-9B6ED3CC2331}.Release|x86.Build.0 = Release|Win32
		{32AE0795-1DE8-4B7F-8D77-B6164468266D}.Debug|x64.ActiveCfg = Debug|x64
		{32AE0795-1DE8-4B7F-8D77-B6164468266D}.Debug|x64.Build.0 = Debug|x64
		{32AE0795-1DE8-4B7F-8D77-B6164468266D}.Debug|x86.ActiveCfg = Debug|Win32
		{32AE0795-1DE8-4B7F-8D77-B6164468266D}.Debug|x86.Build.0 = Debug|Win32
		{32AE0795-1DE8-4B7F-8D77-B6164468266D}.Release|x64.ActiveCfg = Release|x64
		{32AE0795-1DE8-4B7F-8D77-B6164468266D}.Release|x64.Build.0 = Release|x64
		{32AE0795-1DE8-4B7F-8D77-B6164468266D}.Release|x86.ActiveCfg = Release|Win32
		{32AE0795-1DE8-4B7F-8D77-B6164468266D}.Release|x86.Build.0 = Release|Win32
		{54C9FA16-F2FD-487F-9A85-9ED2246910E1}.Debug|x64.ActiveCfg = Debug|x64
		{54C9FA16-F2FD-487F-9A85-9ED2246910E1}.Debug|x64.Build.0 = Debug|x64
		{54C9FA16-F2FD-487F-9A85-9ED2246910E1}.Debug|x86.ActiveCfg = Debug|Win32
		{54C9FA16-F2FD-487F-9A85-9ED2246910E1}.Debug|x86.Build.0 = Debug|Win32
		{54C9FA16-F2FD-487F-9A85-9ED2246910E1}.Release|x64.ActiveCfg = Release|x64
		{54C9FA16-F2FD-487F-9A85-9ED2246910E1}.Release|x64.Build.0 = Release|x64
		{54C9FA16-F2FD-487F-9A85-9ED2246910E1}.Release|x86.ActiveCfg = Release|Win32
		{54C9FA16-F2FD-487F-9A85-9ED2246910E1}.Release|x86.Build.0 = Release|Win32
		{1421B48D-0174-4299-81B7-781F968BFC3A}.Debug|x64.ActiveCfg = Debug|x64
		{1421B48D-0174-4299-81B7-781F968BFC3A}.Debug|x64.Build.0 = Debug|x64
		{1421B48D-0174-4299-81B7-781F968BFC3A}.Debug|x86.ActiveCfg = Debug|Win32
		{1421B48D-0174-4299-81B7-781F968BFC3A}.Debug|x86.Build.0 = Debug|Win32
		{1421B48D-0174-4299-81B7-781F968BFC3A}.Release|x64.ActiveCfg = Release|x64
		{1421B48D-0174-4299-81B7-781F968BFC3A}.Release|x64.Build.0 = Release|x64
		{1421B48D-0174-4299-81B7-781F968BFC3A}.Release|x86.ActiveCfg = Release|Win32
		{1421B48D-0174-4299-81B7-781F968BFC3A}.Release|x86.Build.0 = Release|Win32
		{5B2EC4BF-A013-472F-ACB1-B66D61B8F315}.Debug|x64.ActiveCfg = Debug|x64
		{5B2EC4BF-A013-472F-ACB1-B66D61B8F315}.Debug|x64.Build.0 = Debug|x64
		{5B2EC4BF-A013-472F-ACB1-B66D61B8F315}.Debug|x86.ActiveCfg = Debug|Win32
		{5B2EC4BF-A013-472F-ACB1-B66D61B8F315}.Debug|x86.Build.0 = Debug|Win32
		{5B2EC4BF-A013-472F-ACB1-B66D61B8F315}.Release|x64.ActiveCfg = Release|x64
		{5B2EC4BF-A013-472F-ACB1-B66D61B8F315}.Release|x64.Build.0 = Release|x64
		{5B2EC4BF-A013-472F-ACB1-B66D61B8F315}.Release|x86.ActiveCfg = Release|Win32
		{5B2EC4BF-A013-472F-ACB1-B66D61B8F315}.Release|x86.Build.0 = Release|Win32
		{7E735D9A-4A8A-48EE-8D16-D8B2487FC87F}.Debug|x64.ActiveCfg = Debug|x64
		{7E735D9A-4A8A-48EE-8D16-D8B2487FC87F}.Debug|x64.Build.0 = Debug|x64
		{7E735D9A-4A8A-48EE-8D16-D8B2487FC87F}.Debug|x86.ActiveCfg = Debug|Win32
		{7E735D9A-4A8A-48EE-8D16-D8B2487FC87F}.Debug|x86.Build.0 = Debug|Win32
		{7E735D9A-4A8A-48EE-8D16-D8B2487FC87F}.Release|x64.ActiveCfg = Release|x64
		{7E735D9A-4A8A-48EE-8D16-D8B2487FC87F}.Release|x64.Build.0 = Release|x64
		{7E735D9A-4A8A-48EE-8D16-D8B2487FC87F}.Release|x86.ActiveCfg = Release|Win32
		{7E735D9A-4A8A-48EE-8D16-D8B2487FC87F}.Release|x86.Build.0 = Release|Win32
		{F995E12F-8C53-4EB9-8835-6A5F2C43EDCB}.Debug|x64.ActiveCfg = Debug|x64
		{F995E12F-8C53-4EB9-8835-6A5F2C43EDCB}.Debug|x64.Build.0 = Debug|x64
		{F995E12F-8C53-4EB9-8835-6A5F2C43EDCB}.Debug|x86.ActiveCfg = Debug|Win32
		{F995E12F-8C53-4EB9-8835-6A5F2C43EDCB}.Debug|x86.Build.0 = Debug|Win32
		{F995E12F-8C53-4EB9-8835-6A5F2C43EDCB}.Release|x64.ActiveCfg = Release|x64
		{F995E12F-8C53-4EB9-8835-6A5F2C43EDCB}.Release|x64.Build.0 = Release|x64
		{F995E12F-8C53-4EB9-8835-6A5F2C43EDCB}.Release|x86.ActiveCfg = Release|Win32
		{F995E12F-8C53-4EB9-8835-6A5F2C43EDCB}.Release|x86.Build.0 = Release|Win32
		{A901C443-A2D1-43D1-9539-A6437F9A6703}.Debug|x64.ActiveCfg = Debug|x64
		{A901C443-A2D1-43D1-9539-A6437F9A6703}.Debug|x64.Build.0 = Debug|x64
		{A901C443-A2D1-43D1-9539-A6437F9A6703}.Debug|x86.ActiveCfg = Debug|Win32
		{A901C443-A2D1-43D1-9539-A6437F9A6703}.Debug|x86.Build.0 = Debug|Win32
		{A901C443-A2D1-43D1-9539-A6437F9A6703}.Release|x64.ActiveCfg = Release|x64
		{A901C443-A2D1-43D1-9539-A6437F9A6703}.Release|x64.Build.0 = Release|x64
		{A901C443-A2D1-43D1-9539-A6437F9A6703}.Release|x86.ActiveCfg = Release|Win32
		{A901C443-A2D1-43D1-9539-A6437F9A6703}.Release|x86.Build.0 = Release|Win32
		{5821B9F0-CEF2-4494-BC73-7733F9836004}.Debug|x64.ActiveCfg = Debug|x64
		{5821B9F0-CEF2-4494-BC73-7733F9836004}.Debug|x64.Build.0 = Debug|x64
		{5821B9F0-CEF2-4494-BC73-7733F9836004}.Debug|x86.ActiveCfg = Debug|Win32
		{5821B9F0-CEF2-4494-BC73-7733F9836004}.Debug|x86.Build.0 = Debug|Win32
		{5821B9F0-CEF2-4494-BC73-7733F9836004}.Release|x64.ActiveCfg = Release|x64
		{5821B9F0-CEF2-4494-BC73-7733F9836004}.Release|x64.Build.0 = Release|x64
		{5821B9F0-CEF2-4494-BC73-7733F9836004}.Release|x86.ActiveCfg = Release|Win32
		{5821B9F0-CEF2-4494-BC73-7733F9836004}.Release|x86.Build.0 = Release|Win32
		{B431F1B6-1E7C-44F9-AACA-62DE7634C9C5}.Debug|x64.ActiveCfg = Debug|x64
		{B431F1B6-1E7C-44F9-AACA-62DE7634C9C5}.Debug|x64.Build.0 = Debug|x64
		{B431F1B6-1E7C-44F9-AACA-62DE7634C9C5}.Debug|x86.ActiveCfg = Debug|Win32
		{B431F1B6-1E7C-44F9-AACA-62DE7634C9C5}.Debug|x86.Build.0 = Debug|Win32
		{B431F1B6-1E7C-44F9-AACA-62DE7634C9C5}.Release|x64.ActiveCfg = Release|x64
		{B431F1B6-1E7C-44F9-AACA-62DE7634C9C5}.Release|x64.Build.0 = Release|x64
		{B431F1B6-1E7C-44F9-AACA-62DE7634C9C5}.Release|x86.ActiveCfg = Release|Win32
		{B431F1B6-1E7C-44F9-AACA-62DE7634C9C5}.Release|x86.Build.0 = Release|Win32
		{AAC601D5-A7EE-4FF8-8D89-24D967E08E78}.Debug|x64.ActiveCfg = Debug|x64
		{AAC601D5-A7EE-4FF8-8D89-24D967E08E78}.Debug|x64.Build.0 = Debug|x64
		{AAC601D5-A7EE-4FF8-8D89-24D967E08E78}.Debug|x86.ActiveCfg = Debug|Win32
		{AAC601D5-A7EE-4FF8-8D89-24D967E08E78}.Debug|x86.Build.0 = Debug|Win32
		{AAC601D5-A7EE-4FF8-8D89-24D967E08E78}.Release|x64.ActiveCfg = Release|x64
		{AAC601D5-A7EE-4FF8-8D89-24D967E08E78}.Release|x64.Build.0 = Release|x64
		{AAC601D5-A7EE-4FF8-8D89-24D967E08E78}.Release|x86.ActiveCfg = Release|Win32
		{AAC601D5-A7EE-4FF8-8D89-24D967E08E78}.Release|x86.Build.0 = Release|Win32
		{D81122E6-B9D9-4014-A815-9EB798E55DD2}.Debug|x64.ActiveCfg = Debug|x64
		{D81122E6-B9D9-4014-A815-9EB798E55DD2}.Debug|x64.Build.0 = Debug|x64
		{D81122E6-B9D9-4014-A815-9EB798E55DD2}.Debug|x86.ActiveCfg = Debug|Win32
		{D81122E6-B9D9-4014-A815-9EB798E55DD2}.Debug|x86.Build.0 = Debug|Win32
		{D81122E6-B9D9-4014-A815-9EB798E55DD2}.Release|x64.ActiveCfg = Release|x64
		{D81122E6-B9D9-4014-A815-9EB798E55DD2}.Release|x64.Build.0 = Release|x64
		{D81122E6-B9D9-4014-A815-9EB798E55DD2}.Release|x86.ActiveCfg = Release|Win32
		{D81122E6-B9D9-4014-A815-9EB798E55DD2}.Release|x86.Build.0 = Release|Win32
		{A653CFA8-7164-4457-B4AC-53B0F5B65EF4}.Debug|x64.ActiveCfg = Debug|x64
		{A653CFA8-7164-4457-B4AC-53B0F5B65EF4}.Debug|x64.Build.0 = Debug|x64
		{A653CFA8-7164-4457-B4AC-53B0F5B65EF4}.Debug|x86.ActiveCfg = Debug|Win32
		{A653CFA8-7164-4457-B4AC-53B0F5B65EF4}.Debug|x86.Build.0 = Debug|Win32
		{A653CFA8-7164-4457-B4AC-53B0F5B65EF4}.Release|x64.ActiveCfg = Release|x64
		{A653CFA8-7164-4457-B4AC-53B0F5B65EF4}.Release|x64.Build.0 = Release|x64
		{A653CFA8-7164-4457-B4AC-53B0F5B65EF4}.Release|x86.ActiveCfg = Release|Win32
		{A653CFA8-7164-4457-B4AC-53B0F5B65EF4}.Release|x86.Build.0 = Release|Win32
		{7197E602-2DFF-40A6-8DC1-476767DBDE0B}.Debug|x64.ActiveCfg = Debug|x64
		{7197E602-2DFF-40A6-8DC1-476767DBDE0B}.Debug|x64.Build.0 = Debug|x64
		{7197E602-2DFF-40A6-8DC1-476767DBDE0B}.Debug|x86.ActiveCfg = Debug|Win32
		{7197E602-2DFF-40A6-8DC1-476767DBDE0B}.Debug|x86.Build.0 = Debug|Win32
		{7197E602-2DFF-40A6-8DC1-476767DBDE0B}.Release|x64.ActiveCfg = Release|x64
		{7197E602-2DFF-40A6-8DC1-476767DBDE0B}.Release|x64.Build.0 = Release|x64
		{7197E602-2DFF-40A6-8DC1-476767DBDE0B}.Release|x86.ActiveCfg = Release|Win32
		{7197E602-2DFF-40A6-8DC1-476767DBDE0B}.Release|x86.Build.0 = Release|Win32
	EndGlobalSection
	GlobalSection(SolutionProperties) = preSolution
		HideSolutionNode = FALSE
	EndGlobalSection
	GlobalSection(ExtensibilityGlobals) = postSolution
		SolutionGuid = {E13D96DE-9B5A-436D-94E6-289B08B28745}
	EndGlobalSection
EndGlobal
