
Microsoft Visual Studio Solution File, Format Version 12.00
# Visual Studio Version 17
VisualStudioVersion = 17.14.36518.9
MinimumVisualStudioVersion = 10.0.40219.1
Project("{8BC9CEB8-8B4A-11D0-8D11-00A0C91BC942}") = "01_Intro", "01_Intro\01_Intro.vcxproj", "{D2AC14DB-5FDD-416C-A040-7688B1E7C49A}"
EndProject
Project("{8BC9CEB8-8B4A-11D0-8D11-00A0C91BC942}") = "02_DataTypes", "02_DataTypes\02_DataTypes.vcxproj", "{7CE8E572-D030-4305-95FF-E724A07A230A}"
EndProject
Project("{8BC9CEB8-8B4A-11D0-8D11-00A0C91BC942}") = "03_LogicOperators", "03_LogicOperators\03_LogicOperators.vcxproj", "{2B500670-291C-49AB-BE00-47292FCF5673}"
EndProject
Project("{8BC9CEB8-8B4A-11D0-8D11-00A0C91BC942}") = "04_Enum", "04_Enum\04_Enum.vcxproj", "{9EBE0305-C9A1-46B8-8A34-E7BACE0F1BA5}"
EndProject
Project("{8BC9CEB8-8B4A-11D0-8D11-00A0C91BC942}") = "05_WhileFor", "05_WhileFor\05_WhileFor.vcxproj", "{99FB8D4F-87C0-4899-B3AF-CABEDC237727}"
EndProject
Project("{8BC9CEB8-8B4A-11D0-8D11-00A0C91BC942}") = "06_IncludeCycles", "06_IncludeCycles\06_IncludeCycles.vcxproj", "{57FD133E-197B-467C-9F69-C1BDB34BB617}"
EndProject
Project("{8BC9CEB8-8B4A-11D0-8D11-00A0C91BC942}") = "07_Arrays", "07_Arrays\07_Arrays.vcxproj", "{8E78C2DA-D94C-44FA-8CD8-B41F9F899C83}"
EndProject
Project("{8BC9CEB8-8B4A-11D0-8D11-00A0C91BC942}") = "08_TwoDementionArray", "08_TwoDementionArray\08_TwoDementionArray.vcxproj", "{407A542A-5835-4F6E-8E79-E3BFDCE1DAFC}"
EndProject
Project("{8BC9CEB8-8B4A-11D0-8D11-00A0C91BC942}") = "09_Functions", "09_Functions\09_Functions.vcxproj", "{5F416658-DA51-4AA3-B53D-D59C4ECF0753}"
EndProject
Project("{8BC9CEB8-8B4A-11D0-8D11-00A0C91BC942}") = "10_FunctionsWithParams", "10_FunctionsWithParams\10_FunctionsWithParams.vcxproj", "{304D0E52-F6A5-404A-A854-4EBA7FC81B68}"
EndProject
Project("{8BC9CEB8-8B4A-11D0-8D11-00A0C91BC942}") = "11_OverloadFunction", "11_OverloadFunction\11_OverloadFunction.vcxproj", "{3C3B89B1-C652-4332-BED3-5C7BBCBD5D47}"
EndProject
Project("{8BC9CEB8-8B4A-11D0-8D11-00A0C91BC942}") = "12_Recursion", "12_Recursion\12_Recursion.vcxproj", "{CCB2B798-D61A-48CB-AAD7-0BCA067D0C13}"
EndProject
Project("{8BC9CEB8-8B4A-11D0-8D11-00A0C91BC942}") = "13_Search_Sort", "13_Search_Sort\13_Search_Sort.vcxproj", "{83C9263B-7ECE-4CDC-996F-E201552E4737}"
EndProject
Global
	GlobalSection(SolutionConfigurationPlatforms) = preSolution
		Debug|x64 = Debug|x64
		Debug|x86 = Debug|x86
		Release|x64 = Release|x64
		Release|x86 = Release|x86
	EndGlobalSection
	GlobalSection(ProjectConfigurationPlatforms) = postSolution
		{D2AC14DB-5FDD-416C-A040-7688B1E7C49A}.Debug|x64.ActiveCfg = Debug|x64
		{D2AC14DB-5FDD-416C-A040-7688B1E7C49A}.Debug|x64.Build.0 = Debug|x64
		{D2AC14DB-5FDD-416C-A040-7688B1E7C49A}.Debug|x86.ActiveCfg = Debug|Win32
		{D2AC14DB-5FDD-416C-A040-7688B1E7C49A}.Debug|x86.Build.0 = Debug|Win32
		{D2AC14DB-5FDD-416C-A040-7688B1E7C49A}.Release|x64.ActiveCfg = Release|x64
		{D2AC14DB-5FDD-416C-A040-7688B1E7C49A}.Release|x64.Build.0 = Release|x64
		{D2AC14DB-5FDD-416C-A040-7688B1E7C49A}.Release|x86.ActiveCfg = Release|Win32
		{D2AC14DB-5FDD-416C-A040-7688B1E7C49A}.Release|x86.Build.0 = Release|Win32
		{7CE8E572-D030-4305-95FF-E724A07A230A}.Debug|x64.ActiveCfg = Debug|x64
		{7CE8E572-D030-4305-95FF-E724A07A230A}.Debug|x64.Build.0 = Debug|x64
		{7CE8E572-D030-4305-95FF-E724A07A230A}.Debug|x86.ActiveCfg = Debug|Win32
		{7CE8E572-D030-4305-95FF-E724A07A230A}.Debug|x86.Build.0 = Debug|Win32
		{7CE8E572-D030-4305-95FF-E724A07A230A}.Release|x64.ActiveCfg = Release|x64
		{7CE8E572-D030-4305-95FF-E724A07A230A}.Release|x64.Build.0 = Release|x64
		{7CE8E572-D030-4305-95FF-E724A07A230A}.Release|x86.ActiveCfg = Release|Win32
		{7CE8E572-D030-4305-95FF-E724A07A230A}.Release|x86.Build.0 = Release|Win32
		{2B500670-291C-49AB-BE00-47292FCF5673}.Debug|x64.ActiveCfg = Debug|x64
		{2B500670-291C-49AB-BE00-47292FCF5673}.Debug|x64.Build.0 = Debug|x64
		{2B500670-291C-49AB-BE00-47292FCF5673}.Debug|x86.ActiveCfg = Debug|Win32
		{2B500670-291C-49AB-BE00-47292FCF5673}.Debug|x86.Build.0 = Debug|Win32
		{2B500670-291C-49AB-BE00-47292FCF5673}.Release|x64.ActiveCfg = Release|x64
		{2B500670-291C-49AB-BE00-47292FCF5673}.Release|x64.Build.0 = Release|x64
		{2B500670-291C-49AB-BE00-47292FCF5673}.Release|x86.ActiveCfg = Release|Win32
		{2B500670-291C-49AB-BE00-47292FCF5673}.Release|x86.Build.0 = Release|Win32
		{9EBE0305-C9A1-46B8-8A34-E7BACE0F1BA5}.Debug|x64.ActiveCfg = Debug|x64
		{9EBE0305-C9A1-46B8-8A34-E7BACE0F1BA5}.Debug|x64.Build.0 = Debug|x64
		{9EBE0305-C9A1-46B8-8A34-E7BACE0F1BA5}.Debug|x86.ActiveCfg = Debug|Win32
		{9EBE0305-C9A1-46B8-8A34-E7BACE0F1BA5}.Debug|x86.Build.0 = Debug|Win32
		{9EBE0305-C9A1-46B8-8A34-E7BACE0F1BA5}.Release|x64.ActiveCfg = Release|x64
		{9EBE0305-C9A1-46B8-8A34-E7BACE0F1BA5}.Release|x64.Build.0 = Release|x64
		{9EBE0305-C9A1-46B8-8A34-E7BACE0F1BA5}.Release|x86.ActiveCfg = Release|Win32
		{9EBE0305-C9A1-46B8-8A34-E7BACE0F1BA5}.Release|x86.Build.0 = Release|Win32
		{99FB8D4F-87C0-4899-B3AF-CABEDC237727}.Debug|x64.ActiveCfg = Debug|x64
		{99FB8D4F-87C0-4899-B3AF-CABEDC237727}.Debug|x64.Build.0 = Debug|x64
		{99FB8D4F-87C0-4899-B3AF-CABEDC237727}.Debug|x86.ActiveCfg = Debug|Win32
		{99FB8D4F-87C0-4899-B3AF-CABEDC237727}.Debug|x86.Build.0 = Debug|Win32
		{99FB8D4F-87C0-4899-B3AF-CABEDC237727}.Release|x64.ActiveCfg = Release|x64
		{99FB8D4F-87C0-4899-B3AF-CABEDC237727}.Release|x64.Build.0 = Release|x64
		{99FB8D4F-87C0-4899-B3AF-CABEDC237727}.Release|x86.ActiveCfg = Release|Win32
		{99FB8D4F-87C0-4899-B3AF-CABEDC237727}.Release|x86.Build.0 = Release|Win32
		{57FD133E-197B-467C-9F69-C1BDB34BB617}.Debug|x64.ActiveCfg = Debug|x64
		{57FD133E-197B-467C-9F69-C1BDB34BB617}.Debug|x64.Build.0 = Debug|x64
		{57FD133E-197B-467C-9F69-C1BDB34BB617}.Debug|x86.ActiveCfg = Debug|Win32
		{57FD133E-197B-467C-9F69-C1BDB34BB617}.Debug|x86.Build.0 = Debug|Win32
		{57FD133E-197B-467C-9F69-C1BDB34BB617}.Release|x64.ActiveCfg = Release|x64
		{57FD133E-197B-467C-9F69-C1BDB34BB617}.Release|x64.Build.0 = Release|x64
		{57FD133E-197B-467C-9F69-C1BDB34BB617}.Release|x86.ActiveCfg = Release|Win32
		{57FD133E-197B-467C-9F69-C1BDB34BB617}.Release|x86.Build.0 = Release|Win32
		{8E78C2DA-D94C-44FA-8CD8-B41F9F899C83}.Debug|x64.ActiveCfg = Debug|x64
		{8E78C2DA-D94C-44FA-8CD8-B41F9F899C83}.Debug|x64.Build.0 = Debug|x64
		{8E78C2DA-D94C-44FA-8CD8-B41F9F899C83}.Debug|x86.ActiveCfg = Debug|Win32
		{8E78C2DA-D94C-44FA-8CD8-B41F9F899C83}.Debug|x86.Build.0 = Debug|Win32
		{8E78C2DA-D94C-44FA-8CD8-B41F9F899C83}.Release|x64.ActiveCfg = Release|x64
		{8E78C2DA-D94C-44FA-8CD8-B41F9F899C83}.Release|x64.Build.0 = Release|x64
		{8E78C2DA-D94C-44FA-8CD8-B41F9F899C83}.Release|x86.ActiveCfg = Release|Win32
		{8E78C2DA-D94C-44FA-8CD8-B41F9F899C83}.Release|x86.Build.0 = Release|Win32
		{407A542A-5835-4F6E-8E79-E3BFDCE1DAFC}.Debug|x64.ActiveCfg = Debug|x64
		{407A542A-5835-4F6E-8E79-E3BFDCE1DAFC}.Debug|x64.Build.0 = Debug|x64
		{407A542A-5835-4F6E-8E79-E3BFDCE1DAFC}.Debug|x86.ActiveCfg = Debug|Win32
		{407A542A-5835-4F6E-8E79-E3BFDCE1DAFC}.Debug|x86.Build.0 = Debug|Win32
		{407A542A-5835-4F6E-8E79-E3BFDCE1DAFC}.Release|x64.ActiveCfg = Release|x64
		{407A542A-5835-4F6E-8E79-E3BFDCE1DAFC}.Release|x64.Build.0 = Release|x64
		{407A542A-5835-4F6E-8E79-E3BFDCE1DAFC}.Release|x86.ActiveCfg = Release|Win32
		{407A542A-5835-4F6E-8E79-E3BFDCE1DAFC}.Release|x86.Build.0 = Release|Win32
		{5F416658-DA51-4AA3-B53D-D59C4ECF0753}.Debug|x64.ActiveCfg = Debug|x64
		{5F416658-DA51-4AA3-B53D-D59C4ECF0753}.Debug|x64.Build.0 = Debug|x64
		{5F416658-DA51-4AA3-B53D-D59C4ECF0753}.Debug|x86.ActiveCfg = Debug|Win32
		{5F416658-DA51-4AA3-B53D-D59C4ECF0753}.Debug|x86.Build.0 = Debug|Win32
		{5F416658-DA51-4AA3-B53D-D59C4ECF0753}.Release|x64.ActiveCfg = Release|x64
		{5F416658-DA51-4AA3-B53D-D59C4ECF0753}.Release|x64.Build.0 = Release|x64
		{5F416658-DA51-4AA3-B53D-D59C4ECF0753}.Release|x86.ActiveCfg = Release|Win32
		{5F416658-DA51-4AA3-B53D-D59C4ECF0753}.Release|x86.Build.0 = Release|Win32
		{304D0E52-F6A5-404A-A854-4EBA7FC81B68}.Debug|x64.ActiveCfg = Debug|x64
		{304D0E52-F6A5-404A-A854-4EBA7FC81B68}.Debug|x64.Build.0 = Debug|x64
		{304D0E52-F6A5-404A-A854-4EBA7FC81B68}.Debug|x86.ActiveCfg = Debug|Win32
		{304D0E52-F6A5-404A-A854-4EBA7FC81B68}.Debug|x86.Build.0 = Debug|Win32
		{304D0E52-F6A5-404A-A854-4EBA7FC81B68}.Release|x64.ActiveCfg = Release|x64
		{304D0E52-F6A5-404A-A854-4EBA7FC81B68}.Release|x64.Build.0 = Release|x64
		{304D0E52-F6A5-404A-A854-4EBA7FC81B68}.Release|x86.ActiveCfg = Release|Win32
		{304D0E52-F6A5-404A-A854-4EBA7FC81B68}.Release|x86.Build.0 = Release|Win32
		{3C3B89B1-C652-4332-BED3-5C7BBCBD5D47}.Debug|x64.ActiveCfg = Debug|x64
		{3C3B89B1-C652-4332-BED3-5C7BBCBD5D47}.Debug|x64.Build.0 = Debug|x64
		{3C3B89B1-C652-4332-BED3-5C7BBCBD5D47}.Debug|x86.ActiveCfg = Debug|Win32
		{3C3B89B1-C652-4332-BED3-5C7BBCBD5D47}.Debug|x86.Build.0 = Debug|Win32
		{3C3B89B1-C652-4332-BED3-5C7BBCBD5D47}.Release|x64.ActiveCfg = Release|x64
		{3C3B89B1-C652-4332-BED3-5C7BBCBD5D47}.Release|x64.Build.0 = Release|x64
		{3C3B89B1-C652-4332-BED3-5C7BBCBD5D47}.Release|x86.ActiveCfg = Release|Win32
		{3C3B89B1-C652-4332-BED3-5C7BBCBD5D47}.Release|x86.Build.0 = Release|Win32
		{CCB2B798-D61A-48CB-AAD7-0BCA067D0C13}.Debug|x64.ActiveCfg = Debug|x64
		{CCB2B798-D61A-48CB-AAD7-0BCA067D0C13}.Debug|x64.Build.0 = Debug|x64
		{CCB2B798-D61A-48CB-AAD7-0BCA067D0C13}.Debug|x86.ActiveCfg = Debug|Win32
		{CCB2B798-D61A-48CB-AAD7-0BCA067D0C13}.Debug|x86.Build.0 = Debug|Win32
		{CCB2B798-D61A-48CB-AAD7-0BCA067D0C13}.Release|x64.ActiveCfg = Release|x64
		{CCB2B798-D61A-48CB-AAD7-0BCA067D0C13}.Release|x64.Build.0 = Release|x64
		{CCB2B798-D61A-48CB-AAD7-0BCA067D0C13}.Release|x86.ActiveCfg = Release|Win32
		{CCB2B798-D61A-48CB-AAD7-0BCA067D0C13}.Release|x86.Build.0 = Release|Win32
		{83C9263B-7ECE-4CDC-996F-E201552E4737}.Debug|x64.ActiveCfg = Debug|x64
		{83C9263B-7ECE-4CDC-996F-E201552E4737}.Debug|x64.Build.0 = Debug|x64
		{83C9263B-7ECE-4CDC-996F-E201552E4737}.Debug|x86.ActiveCfg = Debug|Win32
		{83C9263B-7ECE-4CDC-996F-E201552E4737}.Debug|x86.Build.0 = Debug|Win32
		{83C9263B-7ECE-4CDC-996F-E201552E4737}.Release|x64.ActiveCfg = Release|x64
		{83C9263B-7ECE-4CDC-996F-E201552E4737}.Release|x64.Build.0 = Release|x64
		{83C9263B-7ECE-4CDC-996F-E201552E4737}.Release|x86.ActiveCfg = Release|Win32
		{83C9263B-7ECE-4CDC-996F-E201552E4737}.Release|x86.Build.0 = Release|Win32
	EndGlobalSection
	GlobalSection(SolutionProperties) = preSolution
		HideSolutionNode = FALSE
	EndGlobalSection
	GlobalSection(ExtensibilityGlobals) = postSolution
		SolutionGuid = {E13D96DE-9B5A-436D-94E6-289B08B28745}
	EndGlobalSection
EndGlobal
